PODS:
  - A0Auth0 (3.1.0):
    - Auth0 (= 2.5.0)
    - JWTDecode (= 3.1.0)
    - React-Core
    - SimpleKeychain (= 1.1.0)
  - ASN1Decoder (1.9.0)
  - Auth0 (2.5.0):
    - JWTDecode (~> 3.1)
    - SimpleKeychain (~> 1.1)
  - boost (1.76.0)
  - Burnt (0.12.2):
    - ExpoModulesCore
    - SPAlert (~> 4.2)
    - SPIndicator (~> 1.6)
  - DatadogSDK (1.22.0)
  - DatadogSDKCrashReporting (1.22.0):
    - DatadogSDK (= 1.22.0)
    - PLCrashReporter (~> 1.11.0)
  - DatadogSDKReactNative (1.9.0):
    - DatadogSDK (~> 1.22.0)
    - DatadogSDKCrashReporting (~> 1.22.0)
    - React-Core
  - DoubleConversion (1.1.6)
  - EASClient (0.6.0):
    - ExpoModulesCore
  - EXApplication (5.3.1):
    - ExpoModulesCore
  - EXConstants (14.4.2):
    - ExpoModulesCore
  - EXFileSystem (15.4.5):
    - ExpoModulesCore
  - EXFont (11.4.0):
    - ExpoModulesCore
  - EXJSONUtils (0.7.1)
  - EXManifests (0.7.2):
    - ExpoModulesCore
  - Expo (49.0.22):
    - ExpoModulesCore
  - ExpoBlur (12.4.1):
    - ExpoModulesCore
  - ExpoClipboard (4.3.1):
    - ExpoModulesCore
  - ExpoHaptics (12.4.0):
    - ExpoModulesCore
  - ExpoImage (1.3.5):
    - ExpoModulesCore
    - SDWebImage (~> 5.15.8)
    - SDWebImageAVIFCoder (~> 0.10.0)
    - SDWebImageSVGCoder (~> 1.7.0)
    - SDWebImageWebPCoder (~> 0.11.0)
  - ExpoKeepAwake (12.3.0):
    - ExpoModulesCore
  - ExpoLinearGradient (12.7.1):
    - ExpoModulesCore
  - ExpoModulesCore (1.5.13):
    - RCT-Folly (= 2021.07.22.00)
    - React-Core
    - React-NativeModulesApple
    - React-RCTAppDelegate
    - ReactCommon/turbomodule/core
  - ExpoWebBrowser (12.3.2):
    - ExpoModulesCore
  - EXSplashScreen (0.20.5):
    - ExpoModulesCore
    - RCT-Folly (= 2021.07.22.00)
    - React-Core
  - EXStructuredHeaders (3.3.0)
  - EXUpdates (0.18.19):
    - ASN1Decoder (~> 1.8)
    - EASClient
    - EXManifests
    - ExpoModulesCore
    - EXStructuredHeaders
    - EXUpdatesInterface
    - RCT-Folly (= 2021.07.22.00)
    - ReachabilitySwift
    - React-Core
  - EXUpdatesInterface (0.10.1)
  - FBLazyVector (0.72.3)
  - FBReactNativeSpec (0.72.3):
    - RCT-Folly (= 2021.07.22.00)
    - RCTRequired (= 0.72.3)
    - RCTTypeSafety (= 0.72.3)
    - React-Core (= 0.72.3)
    - React-jsi (= 0.72.3)
    - ReactCommon/turbomodule/core (= 0.72.3)
  - fmt (6.2.1)
  - glog (0.3.5)
  - hermes-engine (0.72.3):
    - hermes-engine/Pre-built (= 0.72.3)
  - hermes-engine/Pre-built (0.72.3)
  - JWTDecode (3.1.0)
  - libaom (3.0.0):
    - libvmaf (>= 2.2.0)
  - libavif (0.11.1):
    - libavif/libaom (= 0.11.1)
  - libavif/core (0.11.1)
  - libavif/libaom (0.11.1):
    - libaom (>= 2.0.0)
    - libavif/core
  - libevent (2.1.12)
  - libvmaf (2.3.1)
  - libwebp (1.3.2):
    - libwebp/demux (= 1.3.2)
    - libwebp/mux (= 1.3.2)
    - libwebp/sharpyuv (= 1.3.2)
    - libwebp/webp (= 1.3.2)
  - libwebp/demux (1.3.2):
    - libwebp/webp
  - libwebp/mux (1.3.2):
    - libwebp/demux
  - libwebp/sharpyuv (1.3.2)
  - libwebp/webp (1.3.2):
    - libwebp/sharpyuv
  - lottie-ios (3.4.4)
  - lottie-react-native (5.1.6):
    - lottie-ios (~> 3.4.0)
    - React-Core
  - OneSignalXCFramework (5.0.5):
    - OneSignalXCFramework/OneSignalComplete (= 5.0.5)
  - OneSignalXCFramework/OneSignal (5.0.5):
    - OneSignalXCFramework/OneSignalCore
    - OneSignalXCFramework/OneSignalExtension
    - OneSignalXCFramework/OneSignalNotifications
    - OneSignalXCFramework/OneSignalOSCore
    - OneSignalXCFramework/OneSignalOutcomes
    - OneSignalXCFramework/OneSignalUser
  - OneSignalXCFramework/OneSignalComplete (5.0.5):
    - OneSignalXCFramework/OneSignal
    - OneSignalXCFramework/OneSignalInAppMessages
    - OneSignalXCFramework/OneSignalLocation
  - OneSignalXCFramework/OneSignalCore (5.0.5)
  - OneSignalXCFramework/OneSignalExtension (5.0.5):
    - OneSignalXCFramework/OneSignalCore
    - OneSignalXCFramework/OneSignalOutcomes
  - OneSignalXCFramework/OneSignalInAppMessages (5.0.5):
    - OneSignalXCFramework/OneSignalCore
    - OneSignalXCFramework/OneSignalNotifications
    - OneSignalXCFramework/OneSignalOSCore
    - OneSignalXCFramework/OneSignalOutcomes
    - OneSignalXCFramework/OneSignalUser
  - OneSignalXCFramework/OneSignalLocation (5.0.5):
    - OneSignalXCFramework/OneSignalCore
    - OneSignalXCFramework/OneSignalNotifications
    - OneSignalXCFramework/OneSignalOSCore
    - OneSignalXCFramework/OneSignalUser
  - OneSignalXCFramework/OneSignalNotifications (5.0.5):
    - OneSignalXCFramework/OneSignalCore
    - OneSignalXCFramework/OneSignalExtension
    - OneSignalXCFramework/OneSignalOutcomes
  - OneSignalXCFramework/OneSignalOSCore (5.0.5):
    - OneSignalXCFramework/OneSignalCore
  - OneSignalXCFramework/OneSignalOutcomes (5.0.5):
    - OneSignalXCFramework/OneSignalCore
  - OneSignalXCFramework/OneSignalUser (5.0.5):
    - OneSignalXCFramework/OneSignalCore
    - OneSignalXCFramework/OneSignalNotifications
    - OneSignalXCFramework/OneSignalOSCore
    - OneSignalXCFramework/OneSignalOutcomes
  - PLCrashReporter (1.11.1)
  - RCT-Folly (2021.07.22.00):
    - boost
    - DoubleConversion
    - fmt (~> 6.2.1)
    - glog
    - RCT-Folly/Default (= 2021.07.22.00)
  - RCT-Folly/Default (2021.07.22.00):
    - boost
    - DoubleConversion
    - fmt (~> 6.2.1)
    - glog
  - RCT-Folly/Futures (2021.07.22.00):
    - boost
    - DoubleConversion
    - fmt (~> 6.2.1)
    - glog
    - libevent
  - RCTRequired (0.72.3)
  - RCTTypeSafety (0.72.3):
    - FBLazyVector (= 0.72.3)
    - RCTRequired (= 0.72.3)
    - React-Core (= 0.72.3)
  - ReachabilitySwift (5.0.0)
  - React (0.72.3):
    - React-Core (= 0.72.3)
    - React-Core/DevSupport (= 0.72.3)
    - React-Core/RCTWebSocket (= 0.72.3)
    - React-RCTActionSheet (= 0.72.3)
    - React-RCTAnimation (= 0.72.3)
    - React-RCTBlob (= 0.72.3)
    - React-RCTImage (= 0.72.3)
    - React-RCTLinking (= 0.72.3)
    - React-RCTNetwork (= 0.72.3)
    - React-RCTSettings (= 0.72.3)
    - React-RCTText (= 0.72.3)
    - React-RCTVibration (= 0.72.3)
  - React-callinvoker (0.72.3)
  - React-Codegen (0.72.3):
    - DoubleConversion
    - FBReactNativeSpec
    - glog
    - hermes-engine
    - RCT-Folly
    - RCTRequired
    - RCTTypeSafety
    - React-Core
    - React-jsi
    - React-jsiexecutor
    - React-NativeModulesApple
    - React-rncore
    - ReactCommon/turbomodule/bridging
    - ReactCommon/turbomodule/core
  - React-Core (0.72.3):
    - glog
    - hermes-engine
    - RCT-Folly (= 2021.07.22.00)
    - React-Core/Default (= 0.72.3)
    - React-cxxreact
    - React-hermes
    - React-jsi
    - React-jsiexecutor
    - React-perflogger
    - React-runtimeexecutor
    - React-utils
    - SocketRocket (= 0.6.1)
    - Yoga
  - React-Core/CoreModulesHeaders (0.72.3):
    - glog
    - hermes-engine
    - RCT-Folly (= 2021.07.22.00)
    - React-Core/Default
    - React-cxxreact
    - React-hermes
    - React-jsi
    - React-jsiexecutor
    - React-perflogger
    - React-runtimeexecutor
    - React-utils
    - SocketRocket (= 0.6.1)
    - Yoga
  - React-Core/Default (0.72.3):
    - glog
    - hermes-engine
    - RCT-Folly (= 2021.07.22.00)
    - React-cxxreact
    - React-hermes
    - React-jsi
    - React-jsiexecutor
    - React-perflogger
    - React-runtimeexecutor
    - React-utils
    - SocketRocket (= 0.6.1)
    - Yoga
  - React-Core/DevSupport (0.72.3):
    - glog
    - hermes-engine
    - RCT-Folly (= 2021.07.22.00)
    - React-Core/Default (= 0.72.3)
    - React-Core/RCTWebSocket (= 0.72.3)
    - React-cxxreact
    - React-hermes
    - React-jsi
    - React-jsiexecutor
    - React-jsinspector (= 0.72.3)
    - React-perflogger
    - React-runtimeexecutor
    - React-utils
    - SocketRocket (= 0.6.1)
    - Yoga
  - React-Core/RCTActionSheetHeaders (0.72.3):
    - glog
    - hermes-engine
    - RCT-Folly (= 2021.07.22.00)
    - React-Core/Default
    - React-cxxreact
    - React-hermes
    - React-jsi
    - React-jsiexecutor
    - React-perflogger
    - React-runtimeexecutor
    - React-utils
    - SocketRocket (= 0.6.1)
    - Yoga
  - React-Core/RCTAnimationHeaders (0.72.3):
    - glog
    - hermes-engine
    - RCT-Folly (= 2021.07.22.00)
    - React-Core/Default
    - React-cxxreact
    - React-hermes
    - React-jsi
    - React-jsiexecutor
    - React-perflogger
    - React-runtimeexecutor
    - React-utils
    - SocketRocket (= 0.6.1)
    - Yoga
  - React-Core/RCTBlobHeaders (0.72.3):
    - glog
    - hermes-engine
    - RCT-Folly (= 2021.07.22.00)
    - React-Core/Default
    - React-cxxreact
    - React-hermes
    - React-jsi
    - React-jsiexecutor
    - React-perflogger
    - React-runtimeexecutor
    - React-utils
    - SocketRocket (= 0.6.1)
    - Yoga
  - React-Core/RCTImageHeaders (0.72.3):
    - glog
    - hermes-engine
    - RCT-Folly (= 2021.07.22.00)
    - React-Core/Default
    - React-cxxreact
    - React-hermes
    - React-jsi
    - React-jsiexecutor
    - React-perflogger
    - React-runtimeexecutor
    - React-utils
    - SocketRocket (= 0.6.1)
    - Yoga
  - React-Core/RCTLinkingHeaders (0.72.3):
    - glog
    - hermes-engine
    - RCT-Folly (= 2021.07.22.00)
    - React-Core/Default
    - React-cxxreact
    - React-hermes
    - React-jsi
    - React-jsiexecutor
    - React-perflogger
    - React-runtimeexecutor
    - React-utils
    - SocketRocket (= 0.6.1)
    - Yoga
  - React-Core/RCTNetworkHeaders (0.72.3):
    - glog
    - hermes-engine
    - RCT-Folly (= 2021.07.22.00)
    - React-Core/Default
    - React-cxxreact
    - React-hermes
    - React-jsi
    - React-jsiexecutor
    - React-perflogger
    - React-runtimeexecutor
    - React-utils
    - SocketRocket (= 0.6.1)
    - Yoga
  - React-Core/RCTSettingsHeaders (0.72.3):
    - glog
    - hermes-engine
    - RCT-Folly (= 2021.07.22.00)
    - React-Core/Default
    - React-cxxreact
    - React-hermes
    - React-jsi
    - React-jsiexecutor
    - React-perflogger
    - React-runtimeexecutor
    - React-utils
    - SocketRocket (= 0.6.1)
    - Yoga
  - React-Core/RCTTextHeaders (0.72.3):
    - glog
    - hermes-engine
    - RCT-Folly (= 2021.07.22.00)
    - React-Core/Default
    - React-cxxreact
    - React-hermes
    - React-jsi
    - React-jsiexecutor
    - React-perflogger
    - React-runtimeexecutor
    - React-utils
    - SocketRocket (= 0.6.1)
    - Yoga
  - React-Core/RCTVibrationHeaders (0.72.3):
    - glog
    - hermes-engine
    - RCT-Folly (= 2021.07.22.00)
    - React-Core/Default
    - React-cxxreact
    - React-hermes
    - React-jsi
    - React-jsiexecutor
    - React-perflogger
    - React-runtimeexecutor
    - React-utils
    - SocketRocket (= 0.6.1)
    - Yoga
  - React-Core/RCTWebSocket (0.72.3):
    - glog
    - hermes-engine
    - RCT-Folly (= 2021.07.22.00)
    - React-Core/Default (= 0.72.3)
    - React-cxxreact
    - React-hermes
    - React-jsi
    - React-jsiexecutor
    - React-perflogger
    - React-runtimeexecutor
    - React-utils
    - SocketRocket (= 0.6.1)
    - Yoga
  - React-CoreModules (0.72.3):
    - RCT-Folly (= 2021.07.22.00)
    - RCTTypeSafety (= 0.72.3)
    - React-Codegen (= 0.72.3)
    - React-Core/CoreModulesHeaders (= 0.72.3)
    - React-jsi (= 0.72.3)
    - React-RCTBlob
    - React-RCTImage (= 0.72.3)
    - ReactCommon/turbomodule/core (= 0.72.3)
    - SocketRocket (= 0.6.1)
  - React-cxxreact (0.72.3):
    - boost (= 1.76.0)
    - DoubleConversion
    - glog
    - hermes-engine
    - RCT-Folly (= 2021.07.22.00)
    - React-callinvoker (= 0.72.3)
    - React-debug (= 0.72.3)
    - React-jsi (= 0.72.3)
    - React-jsinspector (= 0.72.3)
    - React-logger (= 0.72.3)
    - React-perflogger (= 0.72.3)
    - React-runtimeexecutor (= 0.72.3)
  - React-debug (0.72.3)
  - React-hermes (0.72.3):
    - DoubleConversion
    - glog
    - hermes-engine
    - RCT-Folly (= 2021.07.22.00)
    - RCT-Folly/Futures (= 2021.07.22.00)
    - React-cxxreact (= 0.72.3)
    - React-jsi
    - React-jsiexecutor (= 0.72.3)
    - React-jsinspector (= 0.72.3)
    - React-perflogger (= 0.72.3)
  - React-jsi (0.72.3):
    - boost (= 1.76.0)
    - DoubleConversion
    - glog
    - hermes-engine
    - RCT-Folly (= 2021.07.22.00)
  - React-jsiexecutor (0.72.3):
    - DoubleConversion
    - glog
    - hermes-engine
    - RCT-Folly (= 2021.07.22.00)
    - React-cxxreact (= 0.72.3)
    - React-jsi (= 0.72.3)
    - React-perflogger (= 0.72.3)
  - React-jsinspector (0.72.3)
  - React-logger (0.72.3):
    - glog
  - react-native-get-random-values (1.10.0):
    - React-Core
  - react-native-onesignal (5.0.4):
    - OneSignalXCFramework (= 5.0.5)
    - React (< 1.0.0, >= 0.13.0)
  - react-native-pager-view (6.2.3):
    - RCT-Folly (= 2021.07.22.00)
    - React-Core
  - react-native-safe-area-context (4.6.3):
    - RCT-Folly
    - RCTRequired
    - RCTTypeSafety
    - React-Core
    - ReactCommon/turbomodule/core
  - react-native-skia (1.0.5):
    - RCT-Folly (= 2021.07.22.00)
    - React
    - React-callinvoker
    - React-Core
  - react-native-webview (13.6.4):
    - RCT-Folly (= 2021.07.22.00)
    - React-Core
  - React-NativeModulesApple (0.72.3):
    - hermes-engine
    - React-callinvoker
    - React-Core
    - React-cxxreact
    - React-jsi
    - React-runtimeexecutor
    - ReactCommon/turbomodule/bridging
    - ReactCommon/turbomodule/core
  - React-perflogger (0.72.3)
  - React-RCTActionSheet (0.72.3):
    - React-Core/RCTActionSheetHeaders (= 0.72.3)
  - React-RCTAnimation (0.72.3):
    - RCT-Folly (= 2021.07.22.00)
    - RCTTypeSafety (= 0.72.3)
    - React-Codegen (= 0.72.3)
    - React-Core/RCTAnimationHeaders (= 0.72.3)
    - React-jsi (= 0.72.3)
    - ReactCommon/turbomodule/core (= 0.72.3)
  - React-RCTAppDelegate (0.72.3):
    - RCT-Folly
    - RCTRequired
    - RCTTypeSafety
    - React-Core
    - React-CoreModules
    - React-hermes
    - React-NativeModulesApple
    - React-RCTImage
    - React-RCTNetwork
    - React-runtimescheduler
    - ReactCommon/turbomodule/core
  - React-RCTBlob (0.72.3):
    - hermes-engine
    - RCT-Folly (= 2021.07.22.00)
    - React-Codegen (= 0.72.3)
    - React-Core/RCTBlobHeaders (= 0.72.3)
    - React-Core/RCTWebSocket (= 0.72.3)
    - React-jsi (= 0.72.3)
    - React-RCTNetwork (= 0.72.3)
    - ReactCommon/turbomodule/core (= 0.72.3)
  - React-RCTImage (0.72.3):
    - RCT-Folly (= 2021.07.22.00)
    - RCTTypeSafety (= 0.72.3)
    - React-Codegen (= 0.72.3)
    - React-Core/RCTImageHeaders (= 0.72.3)
    - React-jsi (= 0.72.3)
    - React-RCTNetwork (= 0.72.3)
    - ReactCommon/turbomodule/core (= 0.72.3)
  - React-RCTLinking (0.72.3):
    - React-Codegen (= 0.72.3)
    - React-Core/RCTLinkingHeaders (= 0.72.3)
    - React-jsi (= 0.72.3)
    - ReactCommon/turbomodule/core (= 0.72.3)
  - React-RCTNetwork (0.72.3):
    - RCT-Folly (= 2021.07.22.00)
    - RCTTypeSafety (= 0.72.3)
    - React-Codegen (= 0.72.3)
    - React-Core/RCTNetworkHeaders (= 0.72.3)
    - React-jsi (= 0.72.3)
    - ReactCommon/turbomodule/core (= 0.72.3)
  - React-RCTSettings (0.72.3):
    - RCT-Folly (= 2021.07.22.00)
    - RCTTypeSafety (= 0.72.3)
    - React-Codegen (= 0.72.3)
    - React-Core/RCTSettingsHeaders (= 0.72.3)
    - React-jsi (= 0.72.3)
    - ReactCommon/turbomodule/core (= 0.72.3)
  - React-RCTText (0.72.3):
    - React-Core/RCTTextHeaders (= 0.72.3)
  - React-RCTVibration (0.72.3):
    - RCT-Folly (= 2021.07.22.00)
    - React-Codegen (= 0.72.3)
    - React-Core/RCTVibrationHeaders (= 0.72.3)
    - React-jsi (= 0.72.3)
    - ReactCommon/turbomodule/core (= 0.72.3)
  - React-rncore (0.72.3)
  - React-runtimeexecutor (0.72.3):
    - React-jsi (= 0.72.3)
  - React-runtimescheduler (0.72.3):
    - glog
    - hermes-engine
    - RCT-Folly (= 2021.07.22.00)
    - React-callinvoker
    - React-debug
    - React-jsi
    - React-runtimeexecutor
  - React-utils (0.72.3):
    - glog
    - RCT-Folly (= 2021.07.22.00)
    - React-debug
  - ReactCommon/turbomodule/bridging (0.72.3):
    - DoubleConversion
    - glog
    - hermes-engine
    - RCT-Folly (= 2021.07.22.00)
    - React-callinvoker (= 0.72.3)
    - React-cxxreact (= 0.72.3)
    - React-jsi (= 0.72.3)
    - React-logger (= 0.72.3)
    - React-perflogger (= 0.72.3)
  - ReactCommon/turbomodule/core (0.72.3):
    - DoubleConversion
    - glog
    - hermes-engine
    - RCT-Folly (= 2021.07.22.00)
    - React-callinvoker (= 0.72.3)
    - React-cxxreact (= 0.72.3)
    - React-jsi (= 0.72.3)
    - React-logger (= 0.72.3)
    - React-perflogger (= 0.72.3)
  - ReactNativeAvoidSoftinput (4.0.2):
    - React-Core
  - RNCAsyncStorage (1.18.2):
    - React-Core
  - RNCMaskedView (0.3.1):
    - React-Core
  - RNFlashList (1.4.3):
    - React-Core
  - RNGestureHandler (2.15.0):
    - RCT-Folly (= 2021.07.22.00)
    - React-Core
  - RNReanimated (3.7.2):
    - RCT-Folly (= 2021.07.22.00)
    - React-Core
    - ReactCommon/turbomodule/core
  - RNScreens (3.22.1):
    - React-Core
    - React-RCTImage
  - RNSVG (13.9.0):
    - React-Core
  - RSCrashReporter (1.0.1)
  - SDWebImage (5.15.8):
    - SDWebImage/Core (= 5.15.8)
  - SDWebImage/Core (5.15.8)
  - SDWebImageAVIFCoder (0.10.1):
    - libavif (>= 0.11.0)
    - SDWebImage (~> 5.10)
  - SDWebImageSVGCoder (1.7.0):
    - SDWebImage/Core (~> 5.6)
  - SDWebImageWebPCoder (0.11.0):
    - libwebp (~> 1.0)
    - SDWebImage/Core (~> 5.15)
  - segment-analytics-react-native (2.17.0):
    - React-Core
    - sovran-react-native
  - SimpleKeychain (1.1.0)
  - SocketRocket (0.6.1)
  - sovran-react-native (1.0.4):
    - React-Core
  - SPAlert (4.2.0)
  - SPIndicator (1.6.4)
  - Yoga (1.14.0)

DEPENDENCIES:
  - A0Auth0 (from `../node_modules/react-native-auth0`)
  - boost (from `../node_modules/react-native/third-party-podspecs/boost.podspec`)
  - Burnt (from `../node_modules/burnt/ios`)
  - "DatadogSDKReactNative (from `../node_modules/@datadog/mobile-react-native`)"
  - DoubleConversion (from `../node_modules/react-native/third-party-podspecs/DoubleConversion.podspec`)
  - EASClient (from `../node_modules/expo-eas-client/ios`)
  - EXApplication (from `../node_modules/expo-application/ios`)
  - EXConstants (from `../node_modules/expo-constants/ios`)
  - EXFileSystem (from `../node_modules/expo-file-system/ios`)
  - EXFont (from `../node_modules/expo-font/ios`)
  - EXJSONUtils (from `../node_modules/expo-json-utils/ios`)
  - EXManifests (from `../node_modules/expo-manifests/ios`)
  - Expo (from `../node_modules/expo`)
  - ExpoBlur (from `../node_modules/expo-blur/ios`)
  - ExpoClipboard (from `../node_modules/expo-clipboard/ios`)
  - ExpoHaptics (from `../node_modules/expo-haptics/ios`)
  - ExpoImage (from `../node_modules/expo-image/ios`)
  - ExpoKeepAwake (from `../node_modules/expo-keep-awake/ios`)
  - ExpoLinearGradient (from `../node_modules/expo-linear-gradient/ios`)
  - ExpoModulesCore (from `../node_modules/expo-modules-core`)
  - ExpoWebBrowser (from `../node_modules/expo-web-browser/ios`)
  - EXSplashScreen (from `../node_modules/expo-splash-screen/ios`)
  - EXStructuredHeaders (from `../node_modules/expo-structured-headers/ios`)
  - EXUpdates (from `../node_modules/expo-updates/ios`)
  - EXUpdatesInterface (from `../node_modules/expo-updates-interface/ios`)
  - FBLazyVector (from `../node_modules/react-native/Libraries/FBLazyVector`)
  - FBReactNativeSpec (from `../node_modules/react-native/React/FBReactNativeSpec`)
  - glog (from `../node_modules/react-native/third-party-podspecs/glog.podspec`)
  - hermes-engine (from `../node_modules/react-native/sdks/hermes-engine/hermes-engine.podspec`)
  - libevent (~> 2.1.12)
  - lottie-react-native (from `../node_modules/lottie-react-native`)
  - OneSignalXCFramework (< 6.0, >= 5.0.0)
  - RCT-Folly (from `../node_modules/react-native/third-party-podspecs/RCT-Folly.podspec`)
  - RCTRequired (from `../node_modules/react-native/Libraries/RCTRequired`)
  - RCTTypeSafety (from `../node_modules/react-native/Libraries/TypeSafety`)
  - React (from `../node_modules/react-native/`)
  - React-callinvoker (from `../node_modules/react-native/ReactCommon/callinvoker`)
  - React-Codegen (from `build/generated/ios`)
  - React-Core (from `../node_modules/react-native/`)
  - React-Core/RCTWebSocket (from `../node_modules/react-native/`)
  - React-CoreModules (from `../node_modules/react-native/React/CoreModules`)
  - React-cxxreact (from `../node_modules/react-native/ReactCommon/cxxreact`)
  - React-debug (from `../node_modules/react-native/ReactCommon/react/debug`)
  - React-hermes (from `../node_modules/react-native/ReactCommon/hermes`)
  - React-jsi (from `../node_modules/react-native/ReactCommon/jsi`)
  - React-jsiexecutor (from `../node_modules/react-native/ReactCommon/jsiexecutor`)
  - React-jsinspector (from `../node_modules/react-native/ReactCommon/jsinspector`)
  - React-logger (from `../node_modules/react-native/ReactCommon/logger`)
  - react-native-get-random-values (from `../node_modules/react-native-get-random-values`)
  - react-native-onesignal (from `../node_modules/react-native-onesignal`)
  - react-native-pager-view (from `../node_modules/react-native-pager-view`)
  - react-native-safe-area-context (from `../node_modules/react-native-safe-area-context`)
  - "react-native-skia (from `../node_modules/@shopify/react-native-skia`)"
  - react-native-webview (from `../node_modules/react-native-webview`)
  - React-NativeModulesApple (from `../node_modules/react-native/ReactCommon/react/nativemodule/core/platform/ios`)
  - React-perflogger (from `../node_modules/react-native/ReactCommon/reactperflogger`)
  - React-RCTActionSheet (from `../node_modules/react-native/Libraries/ActionSheetIOS`)
  - React-RCTAnimation (from `../node_modules/react-native/Libraries/NativeAnimation`)
  - React-RCTAppDelegate (from `../node_modules/react-native/Libraries/AppDelegate`)
  - React-RCTBlob (from `../node_modules/react-native/Libraries/Blob`)
  - React-RCTImage (from `../node_modules/react-native/Libraries/Image`)
  - React-RCTLinking (from `../node_modules/react-native/Libraries/LinkingIOS`)
  - React-RCTNetwork (from `../node_modules/react-native/Libraries/Network`)
  - React-RCTSettings (from `../node_modules/react-native/Libraries/Settings`)
  - React-RCTText (from `../node_modules/react-native/Libraries/Text`)
  - React-RCTVibration (from `../node_modules/react-native/Libraries/Vibration`)
  - React-rncore (from `../node_modules/react-native/ReactCommon`)
  - React-runtimeexecutor (from `../node_modules/react-native/ReactCommon/runtimeexecutor`)
  - React-runtimescheduler (from `../node_modules/react-native/ReactCommon/react/renderer/runtimescheduler`)
  - React-utils (from `../node_modules/react-native/ReactCommon/react/utils`)
  - ReactCommon/turbomodule/core (from `../node_modules/react-native/ReactCommon`)
  - ReactNativeAvoidSoftinput (from `../node_modules/react-native-avoid-softinput`)
  - "RNCAsyncStorage (from `../node_modules/@react-native-async-storage/async-storage`)"
  - "RNCMaskedView (from `../node_modules/@react-native-masked-view/masked-view`)"
  - "RNFlashList (from `../node_modules/@shopify/flash-list`)"
  - RNGestureHandler (from `../node_modules/react-native-gesture-handler`)
  - RNReanimated (from `../node_modules/react-native-reanimated`)
  - RNScreens (from `../node_modules/react-native-screens`)
  - RNSVG (from `../node_modules/react-native-svg`)
  - RSCrashReporter
  - "segment-analytics-react-native (from `../node_modules/@segment/analytics-react-native`)"
  - "sovran-react-native (from `../node_modules/@segment/sovran-react-native`)"
  - Yoga (from `../node_modules/react-native/ReactCommon/yoga`)

SPEC REPOS:
  trunk:
    - ASN1Decoder
    - Auth0
    - DatadogSDK
    - DatadogSDKCrashReporting
    - fmt
    - JWTDecode
    - libaom
    - libavif
    - libevent
    - libvmaf
    - libwebp
    - lottie-ios
    - OneSignalXCFramework
    - PLCrashReporter
    - ReachabilitySwift
    - RSCrashReporter
    - SDWebImage
    - SDWebImageAVIFCoder
    - SDWebImageSVGCoder
    - SDWebImageWebPCoder
    - SimpleKeychain
    - SocketRocket
    - SPAlert
    - SPIndicator

EXTERNAL SOURCES:
  A0Auth0:
    :path: "../node_modules/react-native-auth0"
  boost:
    :podspec: "../node_modules/react-native/third-party-podspecs/boost.podspec"
  Burnt:
    :path: "../node_modules/burnt/ios"
  DatadogSDKReactNative:
    :path: "../node_modules/@datadog/mobile-react-native"
  DoubleConversion:
    :podspec: "../node_modules/react-native/third-party-podspecs/DoubleConversion.podspec"
  EASClient:
    :path: "../node_modules/expo-eas-client/ios"
  EXApplication:
    :path: "../node_modules/expo-application/ios"
  EXConstants:
    :path: "../node_modules/expo-constants/ios"
  EXFileSystem:
    :path: "../node_modules/expo-file-system/ios"
  EXFont:
    :path: "../node_modules/expo-font/ios"
  EXJSONUtils:
    :path: "../node_modules/expo-json-utils/ios"
  EXManifests:
    :path: "../node_modules/expo-manifests/ios"
  Expo:
    :path: "../node_modules/expo"
  ExpoBlur:
    :path: "../node_modules/expo-blur/ios"
  ExpoClipboard:
    :path: "../node_modules/expo-clipboard/ios"
  ExpoHaptics:
    :path: "../node_modules/expo-haptics/ios"
  ExpoImage:
    :path: "../node_modules/expo-image/ios"
  ExpoKeepAwake:
    :path: "../node_modules/expo-keep-awake/ios"
  ExpoLinearGradient:
    :path: "../node_modules/expo-linear-gradient/ios"
  ExpoModulesCore:
    :path: "../node_modules/expo-modules-core"
  ExpoWebBrowser:
    :path: "../node_modules/expo-web-browser/ios"
  EXSplashScreen:
    :path: "../node_modules/expo-splash-screen/ios"
  EXStructuredHeaders:
    :path: "../node_modules/expo-structured-headers/ios"
  EXUpdates:
    :path: "../node_modules/expo-updates/ios"
  EXUpdatesInterface:
    :path: "../node_modules/expo-updates-interface/ios"
  FBLazyVector:
    :path: "../node_modules/react-native/Libraries/FBLazyVector"
  FBReactNativeSpec:
    :path: "../node_modules/react-native/React/FBReactNativeSpec"
  glog:
    :podspec: "../node_modules/react-native/third-party-podspecs/glog.podspec"
  hermes-engine:
    :podspec: "../node_modules/react-native/sdks/hermes-engine/hermes-engine.podspec"
    :tag: hermes-2023-03-20-RNv0.72.0-49794cfc7c81fb8f69fd60c3bbf85a7480cc5a77
  lottie-react-native:
    :path: "../node_modules/lottie-react-native"
  RCT-Folly:
    :podspec: "../node_modules/react-native/third-party-podspecs/RCT-Folly.podspec"
  RCTRequired:
    :path: "../node_modules/react-native/Libraries/RCTRequired"
  RCTTypeSafety:
    :path: "../node_modules/react-native/Libraries/TypeSafety"
  React:
    :path: "../node_modules/react-native/"
  React-callinvoker:
    :path: "../node_modules/react-native/ReactCommon/callinvoker"
  React-Codegen:
    :path: build/generated/ios
  React-Core:
    :path: "../node_modules/react-native/"
  React-CoreModules:
    :path: "../node_modules/react-native/React/CoreModules"
  React-cxxreact:
    :path: "../node_modules/react-native/ReactCommon/cxxreact"
  React-debug:
    :path: "../node_modules/react-native/ReactCommon/react/debug"
  React-hermes:
    :path: "../node_modules/react-native/ReactCommon/hermes"
  React-jsi:
    :path: "../node_modules/react-native/ReactCommon/jsi"
  React-jsiexecutor:
    :path: "../node_modules/react-native/ReactCommon/jsiexecutor"
  React-jsinspector:
    :path: "../node_modules/react-native/ReactCommon/jsinspector"
  React-logger:
    :path: "../node_modules/react-native/ReactCommon/logger"
  react-native-get-random-values:
    :path: "../node_modules/react-native-get-random-values"
  react-native-onesignal:
    :path: "../node_modules/react-native-onesignal"
  react-native-pager-view:
    :path: "../node_modules/react-native-pager-view"
  react-native-safe-area-context:
    :path: "../node_modules/react-native-safe-area-context"
  react-native-skia:
    :path: "../node_modules/@shopify/react-native-skia"
  react-native-webview:
    :path: "../node_modules/react-native-webview"
  React-NativeModulesApple:
    :path: "../node_modules/react-native/ReactCommon/react/nativemodule/core/platform/ios"
  React-perflogger:
    :path: "../node_modules/react-native/ReactCommon/reactperflogger"
  React-RCTActionSheet:
    :path: "../node_modules/react-native/Libraries/ActionSheetIOS"
  React-RCTAnimation:
    :path: "../node_modules/react-native/Libraries/NativeAnimation"
  React-RCTAppDelegate:
    :path: "../node_modules/react-native/Libraries/AppDelegate"
  React-RCTBlob:
    :path: "../node_modules/react-native/Libraries/Blob"
  React-RCTImage:
    :path: "../node_modules/react-native/Libraries/Image"
  React-RCTLinking:
    :path: "../node_modules/react-native/Libraries/LinkingIOS"
  React-RCTNetwork:
    :path: "../node_modules/react-native/Libraries/Network"
  React-RCTSettings:
    :path: "../node_modules/react-native/Libraries/Settings"
  React-RCTText:
    :path: "../node_modules/react-native/Libraries/Text"
  React-RCTVibration:
    :path: "../node_modules/react-native/Libraries/Vibration"
  React-rncore:
    :path: "../node_modules/react-native/ReactCommon"
  React-runtimeexecutor:
    :path: "../node_modules/react-native/ReactCommon/runtimeexecutor"
  React-runtimescheduler:
    :path: "../node_modules/react-native/ReactCommon/react/renderer/runtimescheduler"
  React-utils:
    :path: "../node_modules/react-native/ReactCommon/react/utils"
  ReactCommon:
    :path: "../node_modules/react-native/ReactCommon"
  ReactNativeAvoidSoftinput:
    :path: "../node_modules/react-native-avoid-softinput"
  RNCAsyncStorage:
    :path: "../node_modules/@react-native-async-storage/async-storage"
  RNCMaskedView:
    :path: "../node_modules/@react-native-masked-view/masked-view"
  RNFlashList:
    :path: "../node_modules/@shopify/flash-list"
  RNGestureHandler:
    :path: "../node_modules/react-native-gesture-handler"
  RNReanimated:
    :path: "../node_modules/react-native-reanimated"
  RNScreens:
    :path: "../node_modules/react-native-screens"
  RNSVG:
    :path: "../node_modules/react-native-svg"
  segment-analytics-react-native:
    :path: "../node_modules/@segment/analytics-react-native"
  sovran-react-native:
    :path: "../node_modules/@segment/sovran-react-native"
  Yoga:
    :path: "../node_modules/react-native/ReactCommon/yoga"

SPEC CHECKSUMS:
  A0Auth0: d6fa13c9daf99f5fb17a412837ea37f8db38a562
  ASN1Decoder: 4f4bbcaf1d1b8be56daa3280e82863a607f5bda9
  Auth0: 72f19ad566fdf57f07bf37f828afd0c1570769a5
  boost: 57d2868c099736d80fcd648bf211b4431e51a558
  Burnt: dde5dd245f124a4594098e3938ba71aae4ec83c3
  DatadogSDK: 46e1a7363bc3130fae151ec4aedf11ea291517c5
  DatadogSDKCrashReporting: 24a0e6ec6db905cdeb174721962a7941b2f8a9d2
  DatadogSDKReactNative: 92e7f7fb2e1231d35b22971e899efe863bd43d8d
  DoubleConversion: 5189b271737e1565bdce30deb4a08d647e3f5f54
  EASClient: 49f8ea858204eb4844d9fb386e5fb7920aee2e30
  EXApplication: 042aa2e3f05258a16962ea1a9914bf288db9c9a1
  EXConstants: ce5bbea779da8031ac818c36bea41b10e14d04e1
  EXFileSystem: f8b838a880254de42a5a7da20ed5ce12e2697c1b
  EXFont: 738c44c390953ebcbab075a4848bfbef025fd9ee
  EXJSONUtils: 6802be4282d42b97c51682468ddc1026a06f8276
  EXManifests: cf66451b11b2c2f6464917528d792759f7fd6ce0
  Expo: 9060b49fecf07bebf1dd967730d079aa5e750ebe
  ExpoBlur: a2c90bdfa4ff9f459cdb0f83191bddf020e3e2db
  ExpoClipboard: 695f274f8e028cd113837f917da40c76850877eb
  ExpoHaptics: 360af6898407ee4e8265d30a1a8fb16491a660eb
  ExpoImage: 723efcb8d9377ae8645a6f7a1579305f5b80a76f
  ExpoKeepAwake: be4cbd52d9b177cde0fd66daa1913afa3161fc1d
  ExpoLinearGradient: d10226652f849e675528883aa45afd2358c2f92f
  ExpoModulesCore: cf14fc49a3d5df3ed3cf2a38fc758d073bfd1c13
  ExpoWebBrowser: 2c788f9c07718a780fe6d8bf2f6195c47609faaa
  EXSplashScreen: c0e7f2d4a640f3b875808ed0b88575538daf6d82
  EXStructuredHeaders: 324cc3130571d2696357fafd8be7fd9a0b5fdf6e
  EXUpdates: 59d641d0873236c76ef987917c32de8c210333ea
  EXUpdatesInterface: 82ed48d417cdcd376c12ca1c2ce390d35500bed6
  FBLazyVector: 4cce221dd782d3ff7c4172167bba09d58af67ccb
  FBReactNativeSpec: c6bd9e179757b3c0ecf815864fae8032377903ef
  fmt: ff9d55029c625d3757ed641535fd4a75fedc7ce9
  glog: 04b94705f318337d7ead9e6d17c019bd9b1f6b1b
  hermes-engine: 10fbd3f62405c41ea07e71973ea61e1878d07322
  JWTDecode: 3eaab1e06b6f4dcbdd6716aff09ba4c2104ca8b7
  libaom: 144606b1da4b5915a1054383c3a4459ccdb3c661
  libavif: 84bbb62fb232c3018d6f1bab79beea87e35de7b7
  libevent: 4049cae6c81cdb3654a443be001fb9bdceff7913
  libvmaf: 27f523f1e63c694d14d534cd0fddd2fab0ae8711
  libwebp: 1786c9f4ff8a279e4dac1e8f385004d5fc253009
  lottie-ios: 8f97d3271e155c2d688875c29cd3c74908aef5f8
  lottie-react-native: 8f9d4be452e23f6e5ca0fdc11669dc99ab52be81
  OneSignalXCFramework: a34f417512e2b897aad170d870c3613373f70a48
  PLCrashReporter: 5d2d3967afe0efad61b3048d617e2199a5d1b787
  RCT-Folly: 424b8c9a7a0b9ab2886ffe9c3b041ef628fd4fb1
  RCTRequired: a2faf4bad4e438ca37b2040cb8f7799baa065c18
  RCTTypeSafety: cb09f3e4747b6d18331a15eb05271de7441ca0b3
  ReachabilitySwift: 985039c6f7b23a1da463388634119492ff86c825
  React: 13109005b5353095c052f26af37413340ccf7a5d
  React-callinvoker: c8c87bce983aa499c13cb06d4447c025a35274d6
  React-Codegen: 712d523524d89d71f1cf7cc624854941be983c4d
  React-Core: 688f88b7f3a3d30b4848036223f8b07102c687e5
  React-CoreModules: 63c063a3ade8fb3b1bec5fd9a50f17b0421558c6
  React-cxxreact: 37765b4975541105b2a3322a4b473417c158c869
  React-debug: 51f11ef8db14b47f24e71c42a4916d4192972156
  React-hermes: 935ae71fb3d7654e947beba8498835cd5e479707
  React-jsi: ec628dc7a15ffea969f237b0ea6d2fde212b19dd
  React-jsiexecutor: 59d1eb03af7d30b7d66589c410f13151271e8006
  React-jsinspector: b511447170f561157547bc0bef3f169663860be7
  React-logger: c5b527272d5f22eaa09bb3c3a690fee8f237ae95
  react-native-get-random-values: 384787fd76976f5aec9465aff6fa9e9129af1e74
  react-native-onesignal: 0d90da0cdf5703356d7624ca9e705b0ea2c8ca56
  react-native-pager-view: e26d35e382d86950c936f8917e3beb9188115ccc
  react-native-safe-area-context: 36cc67648134e89465663b8172336a19eeda493d
  react-native-skia: 07ff79f135ec6b7bc90df465de12db90724c0bf8
  react-native-webview: 107961c73db53d66549c867a3b64eaa20d34c41f
  React-NativeModulesApple: c57f3efe0df288a6532b726ad2d0322a9bf38472
  React-perflogger: 6bd153e776e6beed54c56b0847e1220a3ff92ba5
  React-RCTActionSheet: c0b62af44e610e69d9a2049a682f5dba4e9dff17
  React-RCTAnimation: f9bf9719258926aea9ecb8a2aa2595d3ff9a6022
  React-RCTAppDelegate: e5ac35d4dbd1fae7df3a62b47db04b6a8d151592
  React-RCTBlob: c4f1e69a6ef739aa42586b876d637dab4e3b5bed
  React-RCTImage: e5798f01aba248416c02a506cf5e6dfcba827638
  React-RCTLinking: f5b6227c879e33206f34e68924c458f57bbb96d9
  React-RCTNetwork: d5554fbfac1c618da3c8fa29933108ea22837788
  React-RCTSettings: 189c71e3e6146ba59f4f7e2cbeb494cf2ad42afa
  React-RCTText: 19425aea9d8b6ccae55a27916355b17ab577e56e
  React-RCTVibration: 388ac0e1455420895d1ca2548401eed964b038a6
  React-rncore: 755a331dd67b74662108f2d66a384454bf8dc1a1
  React-runtimeexecutor: 369ae9bb3f83b65201c0c8f7d50b72280b5a1dbc
  React-runtimescheduler: 837c1bebd2f84572db17698cd702ceaf585b0d9a
  React-utils: bcb57da67eec2711f8b353f6e3d33bd8e4b2efa3
  ReactCommon: 3ccb8fb14e6b3277e38c73b0ff5e4a1b8db017a9
  ReactNativeAvoidSoftinput: b4ec4c8084c397a91800d21170a9949a263d288a
  RNCAsyncStorage: ddc4ee162bfd41b0d2c68bf2d95acd81dd7f1f93
  RNCMaskedView: 090213d32d8b3bb83a4dcb7d12c18f0152591906
  RNFlashList: ade81b4e928ebd585dd492014d40fb8d0e848aab
  RNGestureHandler: 7909c50383a18f0cb10ce1db7262b9a6da504c03
  RNReanimated: ab1295f59541cb26000d394b4b4aea72cb7ca448
  RNScreens: 50ffe2fa2342eabb2d0afbe19f7c1af286bc7fb3
  RNSVG: 53c661b76829783cdaf9b7a57258f3d3b4c28315
  RSCrashReporter: 6b8376ac729b0289ebe0908553e5f56d8171f313
  SDWebImage: cb032eba469c54e0000e78bcb0a13cdde0a52798
  SDWebImageAVIFCoder: 8348fef6d0ec69e129c66c9fe4d74fbfbf366112
  SDWebImageSVGCoder: 15a300a97ec1c8ac958f009c02220ac0402e936c
  SDWebImageWebPCoder: 295a6573c512f54ad2dd58098e64e17dcf008499
  segment-analytics-react-native: dbdd08d96fec78132e96bda092562e41c2ce0ce0
  SimpleKeychain: f8707c8e97b38c6a6e687b17732afc9bcef06439
  SocketRocket: f32cd54efbe0f095c4d7594881e52619cfe80b17
  sovran-react-native: 791f2f726b4d57ece59676eda58d6da9dc95ad4e
  SPAlert: 735da1f16a887e294719217572ce1f936d8c8782
  SPIndicator: 93e0a4fb23de51294ac48e874c0f081a5e293e4f
  Yoga: 8796b55dba14d7004f980b54bcc9833ee45b28ce

PODFILE CHECKSUM: 66eda28acdf63865aebb868c2f54606a98db27d6

COCOAPODS: 1.15.2
